dependencies:
- name: postgresql
  repository: oci://registry-1.docker.io/bitnamicharts
  version: 15.5.38
- name: minio
  repository: https://charts.min.io/
  version: 5.0.10
digest: sha256:08ad07cc5e80595a0e465f74d36494cecb054a065151a6eb4e3d3e1a0c86dd73
generated: "2026-05-14T09:51:23.913969-05:00"
