dependencies:
- name: cert-manager
  repository: oci://quay.io/jetstack/charts
  version: 1.20.2
- name: trust-manager
  repository: oci://quay.io/jetstack/charts
  version: 0.22.1
- name: datadog
  repository: https://helm.datadoghq.com
  version: 3.234.0
- name: crd-check
  repository: oci://ghcr.io/openhands/helm-charts
  version: 0.1.0
digest: sha256:3246dd1647b597f8cd0a1bcd42fb3b4a3fdc61426e983850b5606b8f5a4211cc
generated: "2026-08-04T08:48:45.860016-04:00"
