dependencies:
- name: cert-manager
  repository: oci://quay.io/jetstack/charts
  version: 1.20.2
- name: trust-manager
  repository: oci://quay.io/jetstack/charts
  version: 0.22.1
- name: crd-check
  repository: oci://ghcr.io/openhands/helm-charts
  version: 0.1.0
digest: sha256:ee6c9e0ba7c097cc59f0dc12409169a11831b548283b77ec7f8f90a94869ebf5
generated: "2026-05-27T10:31:04.277099-04:00"
