dependencies:
- name: cert-manager
  repository: oci://quay.io/jetstack/charts
  version: 1.20.4
- name: trust-manager
  repository: oci://quay.io/jetstack/charts
  version: 0.22.1
- name: crd-check
  repository: oci://ghcr.io/openhands/helm-charts
  version: 0.1.0
digest: sha256:e7419549335a41e224763cb379806d3c8482a4f84de46fa18aaa3ec2a63837e3
generated: "2026-10-10T08:31:38.51937-06:00"
